
Microsoft Visual Studio Solution File, Format Version 12.00
# Visual Studio Version 17
VisualStudioVersion = 17.11.35312.102
MinimumVisualStudioVersion = 10.0.40219.1
Project("{FAE04EC0-301F-11D3-BF4B-00C04F79EFBC}") = "SportLog.Entities", "SportLog.Entities\SportLog.Entities.csproj", "{910C14C6-A78E-4D77-A763-E8D24B948DE4}"
EndProject
Project("{FAE04EC0-301F-11D3-BF4B-00C04F79EFBC}") = "SportLog.API", "SportLog.API\SportLog.API.csproj", "{2266C2A8-6002-44A1-B812-30E89CA15C85}"
EndProject
Global
	GlobalSection(SolutionConfigurationPlatforms) = preSolution
		Debug|Any CPU = Debug|Any CPU
		Release|Any CPU = Release|Any CPU
	EndGlobalSection
	GlobalSection(ProjectConfigurationPlatforms) = postSolution
		{910C14C6-A78E-4D77-A763-E8D24B948DE4}.Debug|Any CPU.ActiveCfg = Debug|Any CPU
		{910C14C6-A78E-4D77-A763-E8D24B948DE4}.Debug|Any CPU.Build.0 = Debug|Any CPU
		{910C14C6-A78E-4D77-A763-E8D24B948DE4}.Release|Any CPU.ActiveCfg = Release|Any CPU
		{910C14C6-A78E-4D77-A763-E8D24B948DE4}.Release|Any CPU.Build.0 = Release|Any CPU
		{2266C2A8-6002-44A1-B812-30E89CA15C85}.Debug|Any CPU.ActiveCfg = Debug|Any CPU
		{2266C2A8-6002-44A1-B812-30E89CA15C85}.Debug|Any CPU.Build.0 = Debug|Any CPU
		{2266C2A8-6002-44A1-B812-30E89CA15C85}.Release|Any CPU.ActiveCfg = Release|Any CPU
		{2266C2A8-6002-44A1-B812-30E89CA15C85}.Release|Any CPU.Build.0 = Release|Any CPU
	EndGlobalSection
	GlobalSection(SolutionProperties) = preSolution
		HideSolutionNode = FALSE
	EndGlobalSection
	GlobalSection(ExtensibilityGlobals) = postSolution
		SolutionGuid = {0C3562DB-CD48-4FF0-B1B8-BE6A9B13E6FC}
	EndGlobalSection
EndGlobal
